
Microsoft Visual Studio Solution File, Format Version 12.00
# Visual Studio Version 17
VisualStudioVersion = 17.13.35818.85 d17.13
MinimumVisualStudioVersion = 10.0.40219.1
Project("{FAE04EC0-301F-11D3-BF4B-00C04F79EFBC}") = "Flowers", "Flowers.csproj", "{35B4D482-C89E-4B30-94CD-E422E420D4B2}"
EndProject
Project("{FAE04EC0-301F-11D3-BF4B-00C04F79EFBC}") = "Flowers.Domain", "..\Flowers.Domain\Flowers.Domain.csproj", "{C2036941-5E63-47C1-97F8-EC30343AD223}"
EndProject
Project("{FAE04EC0-301F-11D3-BF4B-00C04F79EFBC}") = "Wlowers.API", "..\Wlowers.API\Wlowers.API.csproj", "{3B11E005-0508-4340-9FEB-5EFF39FDCE83}"
EndProject
Global
	GlobalSection(SolutionConfigurationPlatforms) = preSolution
		Debug|Any CPU = Debug|Any CPU
		Release|Any CPU = Release|Any CPU
	EndGlobalSection
	GlobalSection(ProjectConfigurationPlatforms) = postSolution
		{35B4D482-C89E-4B30-94CD-E422E420D4B2}.Debug|Any CPU.ActiveCfg = Debug|Any CPU
		{35B4D482-C89E-4B30-94CD-E422E420D4B2}.Debug|Any CPU.Build.0 = Debug|Any CPU
		{35B4D482-C89E-4B30-94CD-E422E420D4B2}.Release|Any CPU.ActiveCfg = Release|Any CPU
		{35B4D482-C89E-4B30-94CD-E422E420D4B2}.Release|Any CPU.Build.0 = Release|Any CPU
		{C2036941-5E63-47C1-97F8-EC30343AD223}.Debug|Any CPU.ActiveCfg = Debug|Any CPU
		{C2036941-5E63-47C1-97F8-EC30343AD223}.Debug|Any CPU.Build.0 = Debug|Any CPU
		{C2036941-5E63-47C1-97F8-EC30343AD223}.Release|Any CPU.ActiveCfg = Release|Any CPU
		{C2036941-5E63-47C1-97F8-EC30343AD223}.Release|Any CPU.Build.0 = Release|Any CPU
		{3B11E005-0508-4340-9FEB-5EFF39FDCE83}.Debug|Any CPU.ActiveCfg = Debug|Any CPU
		{3B11E005-0508-4340-9FEB-5EFF39FDCE83}.Debug|Any CPU.Build.0 = Debug|Any CPU
		{3B11E005-0508-4340-9FEB-5EFF39FDCE83}.Release|Any CPU.ActiveCfg = Release|Any CPU
		{3B11E005-0508-4340-9FEB-5EFF39FDCE83}.Release|Any CPU.Build.0 = Release|Any CPU
	EndGlobalSection
	GlobalSection(SolutionProperties) = preSolution
		HideSolutionNode = FALSE
	EndGlobalSection
	GlobalSection(ExtensibilityGlobals) = postSolution
		SolutionGuid = {F8F36AEC-6A24-4766-8CAE-3F5FE7ED1C8B}
	EndGlobalSection
EndGlobal
